{
  "name": "actors",
  "lockfileVersion": 3,
  "requires": true,
  "packages": {
    "": {
      "dependencies": {
        "@extism/as-pdk": "^1.0.0",
        "json-as": "^1.1.24"
      },
      "devDependencies": {
        "assemblyscript": "^0.28.9"
      }
    },
    "node_modules/@extism/as-pdk": {
      "version": "1.0.0",
      "resolved": "https://registry.npmjs.org/@extism/as-pdk/-/as-pdk-1.0.0.tgz",
      "integrity": "sha512-sD5xQskoOWoSeH73HltP7rJXR/E5nk1BTne8bmHdCxqMLUR0n/L1KdmRsPdl7XqNnJj2Anvs9QN0sJ+b+6K05g==",
      "license": "BSD-3-Clause"
    },
    "node_modules/assemblyscript": {
      "version": "0.28.9",
      "resolved": "https://registry.npmjs.org/assemblyscript/-/assemblyscript-0.28.9.tgz",
      "integrity": "sha512-UQqIYSUuJzqQP6fKTs1CtanyxmnDk7K+Kmj/J67agimxDqxjdMnTF/y9rEHUBL+K/VIEV4QYu57RMrL5LwbAvw==",
      "dev": true,
      "license": "Apache-2.0",
      "dependencies": {
        "binaryen": "123.0.0-nightly.20250530",
        "long": "^5.2.4"
      },
      "bin": {
        "asc": "bin/asc.js",
        "asinit": "bin/asinit.js"
      },
      "engines": {
        "node": ">=20",
        "npm": ">=10"
      },
      "funding": {
        "type": "opencollective",
        "url": "https://opencollective.com/assemblyscript"
      }
    },
    "node_modules/binaryen": {
      "version": "123.0.0-nightly.20250530",
      "resolved": "https://registry.npmjs.org/binaryen/-/binaryen-123.0.0-nightly.20250530.tgz",
      "integrity": "sha512-d1zPHBN5YlOd3Ff+OUxvVExuFeh8heSnqe+X3bjItFxGLvn4VGBKmrvv7pgy/cRhrIUGuPW138iaWfDhwjyDqg==",
      "dev": true,
      "license": "Apache-2.0",
      "bin": {
        "wasm-as": "bin/wasm-as",
        "wasm-ctor-eval": "bin/wasm-ctor-eval",
        "wasm-dis": "bin/wasm-dis",
        "wasm-merge": "bin/wasm-merge",
        "wasm-metadce": "bin/wasm-metadce",
        "wasm-opt": "bin/wasm-opt",
        "wasm-reduce": "bin/wasm-reduce",
        "wasm-shell": "bin/wasm-shell",
        "wasm2js": "bin/wasm2js"
      }
    },
    "node_modules/json-as": {
      "version": "1.1.24",
      "resolved": "https://registry.npmjs.org/json-as/-/json-as-1.1.24.tgz",
      "integrity": "sha512-6QaKzs5c3gF18Qcj6Ja5/+q9u4ubsiCjFNgukXVj34qddJ0nDbo7ljHKC4C+alBRioMfPHkcagcDh+4vz51GXw==",
      "license": "MIT"
    },
    "node_modules/long": {
      "version": "5.3.2",
      "resolved": "https://registry.npmjs.org/long/-/long-5.3.2.tgz",
      "integrity": "sha512-mNAgZ1GmyNhD7AuqnTG3/VQ26o760+ZYBPKjPvugO8+nLbYfX6TVpJPseBvopbdY+qpZ/lKUnmEc1LeZYS3QAA==",
      "dev": true,
      "license": "Apache-2.0"
    }
  }
}
